
Microsoft Visual Studio Solution File, Format Version 12.00
# Visual Studio Version 16
VisualStudioVersion = 16.0.29911.84
MinimumVisualStudioVersion = 10.0.40219.1
Project("{FAE04EC0-301F-11D3-BF4B-00C04F79EFBC}") = "Lexus.Api", "Lexus.Api\Lexus.Api.csproj", "{101D2DC0-30D1-4A60-BF9D-46420CB7AC53}"
EndProject
Global
	GlobalSection(SolutionConfigurationPlatforms) = preSolution
		Debug|Any CPU = Debug|Any CPU
		Release|Any CPU = Release|Any CPU
	EndGlobalSection
	GlobalSection(ProjectConfigurationPlatforms) = postSolution
		{101D2DC0-30D1-4A60-BF9D-46420CB7AC53}.Debug|Any CPU.ActiveCfg = Debug|Any CPU
		{101D2DC0-30D1-4A60-BF9D-46420CB7AC53}.Debug|Any CPU.Build.0 = Debug|Any CPU
		{101D2DC0-30D1-4A60-BF9D-46420CB7AC53}.Release|Any CPU.ActiveCfg = Release|Any CPU
		{101D2DC0-30D1-4A60-BF9D-46420CB7AC53}.Release|Any CPU.Build.0 = Release|Any CPU
	EndGlobalSection
	GlobalSection(SolutionProperties) = preSolution
		HideSolutionNode = FALSE
	EndGlobalSection
	GlobalSection(ExtensibilityGlobals) = postSolution
		SolutionGuid = {FCE16A23-74B2-4173-976D-98FD9C3E22F6}
	EndGlobalSection
EndGlobal
